
Microsoft Visual Studio Solution File, Format Version 10.00
# Visual Studio 2008
Project("{8BC9CEB8-8B4A-11D0-8D11-00A0C91BC942}") = "SpamFilter", "SpamFilter\SpamFilter.vcproj", "{6B8D1A5B-57CF-4ECE-B883-A94BA2E32F7C}"
EndProject
Global
	GlobalSection(SubversionScc) = preSolution
		Svn-Managed = True
		Manager = AnkhSVN - Subversion Support for Visual Studio
	EndGlobalSection
	GlobalSection(SolutionConfigurationPlatforms) = preSolution
		Debug|Win32 = Debug|Win32
		Release|Win32 = Release|Win32
	EndGlobalSection
	GlobalSection(ProjectConfigurationPlatforms) = postSolution
		{6B8D1A5B-57CF-4ECE-B883-A94BA2E32F7C}.Debug|Win32.ActiveCfg = Debug|Win32
		{6B8D1A5B-57CF-4ECE-B883-A94BA2E32F7C}.Debug|Win32.Build.0 = Debug|Win32
		{6B8D1A5B-57CF-4ECE-B883-A94BA2E32F7C}.Release|Win32.ActiveCfg = Release|Win32
		{6B8D1A5B-57CF-4ECE-B883-A94BA2E32F7C}.Release|Win32.Build.0 = Release|Win32
	EndGlobalSection
	GlobalSection(SolutionProperties) = preSolution
		HideSolutionNode = FALSE
	EndGlobalSection
EndGlobal
